
Microsoft Visual Studio Solution File, Format Version 12.00
# Visual Studio 15
VisualStudioVersion = 15.0.27428.2015
MinimumVisualStudioVersion = 10.0.40219.1
Project("{FAE04EC0-301F-11D3-BF4B-00C04F79EFBC}") = "UnitTestProject20", "UnitTestProject20\UnitTestProject20.csproj", "{64407C91-773A-4405-AEC2-F2171F3A9F5D}"
EndProject
Global
	GlobalSection(SolutionConfigurationPlatforms) = preSolution
		Debug|Any CPU = Debug|Any CPU
		Release|Any CPU = Release|Any CPU
	EndGlobalSection
	GlobalSection(ProjectConfigurationPlatforms) = postSolution
		{64407C91-773A-4405-AEC2-F2171F3A9F5D}.Debug|Any CPU.ActiveCfg = Debug|Any CPU
		{64407C91-773A-4405-AEC2-F2171F3A9F5D}.Debug|Any CPU.Build.0 = Debug|Any CPU
		{64407C91-773A-4405-AEC2-F2171F3A9F5D}.Release|Any CPU.ActiveCfg = Release|Any CPU
		{64407C91-773A-4405-AEC2-F2171F3A9F5D}.Release|Any CPU.Build.0 = Release|Any CPU
	EndGlobalSection
	GlobalSection(SolutionProperties) = preSolution
		HideSolutionNode = FALSE
	EndGlobalSection
	GlobalSection(ExtensibilityGlobals) = postSolution
		SolutionGuid = {55E4D7F5-3E2D-4F94-B25D-917F151DF2BD}
	EndGlobalSection
EndGlobal
